
Microsoft Visual Studio Solution File, Format Version 12.00
# Visual Studio 15
VisualStudioVersion = 15.0.28307.902
MinimumVisualStudioVersion = 10.0.40219.1
Project("{FAE04EC0-301F-11D3-BF4B-00C04F79EFBC}") = "Figures", "Figures\Figures.csproj", "{DB4BAA6E-3EF7-4035-88A4-F0BE58A2EE6F}"
EndProject
Global
	GlobalSection(SolutionConfigurationPlatforms) = preSolution
		Debug|Any CPU = Debug|Any CPU
		Release|Any CPU = Release|Any CPU
	EndGlobalSection
	GlobalSection(ProjectConfigurationPlatforms) = postSolution
		{DB4BAA6E-3EF7-4035-88A4-F0BE58A2EE6F}.Debug|Any CPU.ActiveCfg = Debug|Any CPU
		{DB4BAA6E-3EF7-4035-88A4-F0BE58A2EE6F}.Debug|Any CPU.Build.0 = Debug|Any CPU
		{DB4BAA6E-3EF7-4035-88A4-F0BE58A2EE6F}.Release|Any CPU.ActiveCfg = Release|Any CPU
		{DB4BAA6E-3EF7-4035-88A4-F0BE58A2EE6F}.Release|Any CPU.Build.0 = Release|Any CPU
	EndGlobalSection
	GlobalSection(SolutionProperties) = preSolution
		HideSolutionNode = FALSE
	EndGlobalSection
	GlobalSection(ExtensibilityGlobals) = postSolution
		SolutionGuid = {CE233A0D-01AA-4D5B-8035-3BCD3D6B1022}
	EndGlobalSection
EndGlobal
